
Microsoft Visual Studio Solution File, Format Version 12.00
# Visual Studio 15
VisualStudioVersion = 15.0.28307.1831
MinimumVisualStudioVersion = 10.0.40219.1
Project("{8BC9CEB8-8B4A-11D0-8D11-00A0C91BC942}") = "Base", "Base\Base.vcxproj", "{A2FC0B9E-5907-4ED2-AF20-6403A329C4DC}"
EndProject
Project("{8BC9CEB8-8B4A-11D0-8D11-00A0C91BC942}") = "bloom", "ConsoleApplication1\ConsoleApplication1.vcxproj", "{CDA60746-9953-47F2-9A29-8C798AA57968}"
	ProjectSection(ProjectDependencies) = postProject
		{A2FC0B9E-5907-4ED2-AF20-6403A329C4DC} = {A2FC0B9E-5907-4ED2-AF20-6403A329C4DC}
	EndProjectSection
EndProject
Project("{8BC9CEB8-8B4A-11D0-8D11-00A0C91BC942}") = "triangle", "triangle\triangle.vcxproj", "{06AF6111-4205-49FA-8F8D-FB3B94154927}"
	ProjectSection(ProjectDependencies) = postProject
		{A2FC0B9E-5907-4ED2-AF20-6403A329C4DC} = {A2FC0B9E-5907-4ED2-AF20-6403A329C4DC}
	EndProjectSection
EndProject
Project("{8BC9CEB8-8B4A-11D0-8D11-00A0C91BC942}") = "Pipelines", "Pipelines\Pipelines.vcxproj", "{8D32AA39-B9FA-4CAB-B537-7E05B6B61AC4}"
	ProjectSection(ProjectDependencies) = postProject
		{A2FC0B9E-5907-4ED2-AF20-6403A329C4DC} = {A2FC0B9E-5907-4ED2-AF20-6403A329C4DC}
	EndProjectSection
EndProject
Project("{8BC9CEB8-8B4A-11D0-8D11-00A0C91BC942}") = "DescriptorSets", "DescriptorSets\DescriptorSets.vcxproj", "{9D99FDDE-989C-4FB0-8B73-5399398A0499}"
	ProjectSection(ProjectDependencies) = postProject
		{A2FC0B9E-5907-4ED2-AF20-6403A329C4DC} = {A2FC0B9E-5907-4ED2-AF20-6403A329C4DC}
	EndProjectSection
EndProject
Project("{8BC9CEB8-8B4A-11D0-8D11-00A0C91BC942}") = "DynamicUniformBuffer", "DynamicUniformBuffer\DynamicUniformBuffer.vcxproj", "{1904D5F9-AE58-45BD-85FA-121923E6F03B}"
	ProjectSection(ProjectDependencies) = postProject
		{A2FC0B9E-5907-4ED2-AF20-6403A329C4DC} = {A2FC0B9E-5907-4ED2-AF20-6403A329C4DC}
	EndProjectSection
EndProject
Project("{8BC9CEB8-8B4A-11D0-8D11-00A0C91BC942}") = "PushConstants", "PushConstants\PushConstants.vcxproj", "{189E8A3F-AB83-4028-A06D-539F6FF3C036}"
	ProjectSection(ProjectDependencies) = postProject
		{A2FC0B9E-5907-4ED2-AF20-6403A329C4DC} = {A2FC0B9E-5907-4ED2-AF20-6403A329C4DC}
	EndProjectSection
EndProject
Project("{8BC9CEB8-8B4A-11D0-8D11-00A0C91BC942}") = "SpecializationConstants", "SpecializationConstants\SpecializationConstants.vcxproj", "{18D70A4C-5AE0-4698-A348-F872B0AB6C96}"
EndProject
Project("{8BC9CEB8-8B4A-11D0-8D11-00A0C91BC942}") = "Texture", "Texture\Texture.vcxproj", "{3B09D01F-B517-4D3C-8891-43E3B24D6AE1}"
EndProject
Project("{8BC9CEB8-8B4A-11D0-8D11-00A0C91BC942}") = "InputAttachments", "InputAttachments\InputAttachments.vcxproj", "{F15398CB-BF86-4B14-B524-A542299F5253}"
EndProject
Project("{8BC9CEB8-8B4A-11D0-8D11-00A0C91BC942}") = "Subpasses", "Subpasses\Subpasses.vcxproj", "{2B3AB9DD-2560-4D25-976A-BC6E9B9A73FB}"
EndProject
Project("{8BC9CEB8-8B4A-11D0-8D11-00A0C91BC942}") = "RaytracingBasic", "RaytracingBasic\RaytracingBasic.vcxproj", "{20835A3A-F4E7-4A28-811C-C6429145B8EB}"
EndProject
Project("{8BC9CEB8-8B4A-11D0-8D11-00A0C91BC942}") = "HDR", "HDR\HDR.vcxproj", "{89235D86-92F3-4A61-A214-4BBD92F8242D}"
EndProject
Project("{8BC9CEB8-8B4A-11D0-8D11-00A0C91BC942}") = "OcclusionQuery", "OcclusionQuery\OcclusionQuery.vcxproj", "{3F4C5399-604A-4769-BE7E-1FE91527F33A}"
EndProject
Project("{8BC9CEB8-8B4A-11D0-8D11-00A0C91BC942}") = "ComputeCullAndLod", "ComputeCullAndLod\ComputeCullAndLod.vcxproj", "{5467750A-26C0-4C1A-8344-7078FF7F2481}"
EndProject
Project("{8BC9CEB8-8B4A-11D0-8D11-00A0C91BC942}") = "DeferredMultiSampling", "deferredMultiSampling\deferredMultiSampling.vcxproj", "{13DE989F-5332-4A34-9059-710846FB4105}"
EndProject
Project("{8BC9CEB8-8B4A-11D0-8D11-00A0C91BC942}") = "MultiThreading", "MultiThreading\MultiThreading.vcxproj", "{37D3DAEB-37B0-4460-AD10-2C1D505F8F1E}"
EndProject
Global
	GlobalSection(SolutionConfigurationPlatforms) = preSolution
		Debug|x64 = Debug|x64
		Debug|x86 = Debug|x86
		Release|x64 = Release|x64
		Release|x86 = Release|x86
	EndGlobalSection
	GlobalSection(ProjectConfigurationPlatforms) = postSolution
		{A2FC0B9E-5907-4ED2-AF20-6403A329C4DC}.Debug|x64.ActiveCfg = Debug|x64
		{A2FC0B9E-5907-4ED2-AF20-6403A329C4DC}.Debug|x64.Build.0 = Debug|x64
		{A2FC0B9E-5907-4ED2-AF20-6403A329C4DC}.Debug|x86.ActiveCfg = Debug|Win32
		{A2FC0B9E-5907-4ED2-AF20-6403A329C4DC}.Debug|x86.Build.0 = Debug|Win32
		{A2FC0B9E-5907-4ED2-AF20-6403A329C4DC}.Release|x64.ActiveCfg = Release|x64
		{A2FC0B9E-5907-4ED2-AF20-6403A329C4DC}.Release|x64.Build.0 = Release|x64
		{A2FC0B9E-5907-4ED2-AF20-6403A329C4DC}.Release|x86.ActiveCfg = Release|Win32
		{A2FC0B9E-5907-4ED2-AF20-6403A329C4DC}.Release|x86.Build.0 = Release|Win32
		{CDA60746-9953-47F2-9A29-8C798AA57968}.Debug|x64.ActiveCfg = Debug|x64
		{CDA60746-9953-47F2-9A29-8C798AA57968}.Debug|x64.Build.0 = Debug|x64
		{CDA60746-9953-47F2-9A29-8C798AA57968}.Debug|x86.ActiveCfg = Debug|Win32
		{CDA60746-9953-47F2-9A29-8C798AA57968}.Debug|x86.Build.0 = Debug|Win32
		{CDA60746-9953-47F2-9A29-8C798AA57968}.Release|x64.ActiveCfg = Release|x64
		{CDA60746-9953-47F2-9A29-8C798AA57968}.Release|x64.Build.0 = Release|x64
		{CDA60746-9953-47F2-9A29-8C798AA57968}.Release|x86.ActiveCfg = Release|Win32
		{CDA60746-9953-47F2-9A29-8C798AA57968}.Release|x86.Build.0 = Release|Win32
		{06AF6111-4205-49FA-8F8D-FB3B94154927}.Debug|x64.ActiveCfg = Debug|x64
		{06AF6111-4205-49FA-8F8D-FB3B94154927}.Debug|x64.Build.0 = Debug|x64
		{06AF6111-4205-49FA-8F8D-FB3B94154927}.Debug|x86.ActiveCfg = Debug|Win32
		{06AF6111-4205-49FA-8F8D-FB3B94154927}.Debug|x86.Build.0 = Debug|Win32
		{06AF6111-4205-49FA-8F8D-FB3B94154927}.Release|x64.ActiveCfg = Release|x64
		{06AF6111-4205-49FA-8F8D-FB3B94154927}.Release|x64.Build.0 = Release|x64
		{06AF6111-4205-49FA-8F8D-FB3B94154927}.Release|x86.ActiveCfg = Release|Win32
		{06AF6111-4205-49FA-8F8D-FB3B94154927}.Release|x86.Build.0 = Release|Win32
		{8D32AA39-B9FA-4CAB-B537-7E05B6B61AC4}.Debug|x64.ActiveCfg = Debug|x64
		{8D32AA39-B9FA-4CAB-B537-7E05B6B61AC4}.Debug|x64.Build.0 = Debug|x64
		{8D32AA39-B9FA-4CAB-B537-7E05B6B61AC4}.Debug|x86.ActiveCfg = Debug|Win32
		{8D32AA39-B9FA-4CAB-B537-7E05B6B61AC4}.Debug|x86.Build.0 = Debug|Win32
		{8D32AA39-B9FA-4CAB-B537-7E05B6B61AC4}.Release|x64.ActiveCfg = Release|x64
		{8D32AA39-B9FA-4CAB-B537-7E05B6B61AC4}.Release|x64.Build.0 = Release|x64
		{8D32AA39-B9FA-4CAB-B537-7E05B6B61AC4}.Release|x86.ActiveCfg = Release|Win32
		{8D32AA39-B9FA-4CAB-B537-7E05B6B61AC4}.Release|x86.Build.0 = Release|Win32
		{9D99FDDE-989C-4FB0-8B73-5399398A0499}.Debug|x64.ActiveCfg = Debug|x64
		{9D99FDDE-989C-4FB0-8B73-5399398A0499}.Debug|x64.Build.0 = Debug|x64
		{9D99FDDE-989C-4FB0-8B73-5399398A0499}.Debug|x86.ActiveCfg = Debug|Win32
		{9D99FDDE-989C-4FB0-8B73-5399398A0499}.Debug|x86.Build.0 = Debug|Win32
		{9D99FDDE-989C-4FB0-8B73-5399398A0499}.Release|x64.ActiveCfg = Release|x64
		{9D99FDDE-989C-4FB0-8B73-5399398A0499}.Release|x64.Build.0 = Release|x64
		{9D99FDDE-989C-4FB0-8B73-5399398A0499}.Release|x86.ActiveCfg = Release|Win32
		{9D99FDDE-989C-4FB0-8B73-5399398A0499}.Release|x86.Build.0 = Release|Win32
		{1904D5F9-AE58-45BD-85FA-121923E6F03B}.Debug|x64.ActiveCfg = Debug|x64
		{1904D5F9-AE58-45BD-85FA-121923E6F03B}.Debug|x64.Build.0 = Debug|x64
		{1904D5F9-AE58-45BD-85FA-121923E6F03B}.Debug|x86.ActiveCfg = Debug|Win32
		{1904D5F9-AE58-45BD-85FA-121923E6F03B}.Debug|x86.Build.0 = Debug|Win32
		{1904D5F9-AE58-45BD-85FA-121923E6F03B}.Release|x64.ActiveCfg = Release|x64
		{1904D5F9-AE58-45BD-85FA-121923E6F03B}.Release|x64.Build.0 = Release|x64
		{1904D5F9-AE58-45BD-85FA-121923E6F03B}.Release|x86.ActiveCfg = Release|Win32
		{1904D5F9-AE58-45BD-85FA-121923E6F03B}.Release|x86.Build.0 = Release|Win32
		{189E8A3F-AB83-4028-A06D-539F6FF3C036}.Debug|x64.ActiveCfg = Debug|x64
		{189E8A3F-AB83-4028-A06D-539F6FF3C036}.Debug|x64.Build.0 = Debug|x64
		{189E8A3F-AB83-4028-A06D-539F6FF3C036}.Debug|x86.ActiveCfg = Debug|Win32
		{189E8A3F-AB83-4028-A06D-539F6FF3C036}.Debug|x86.Build.0 = Debug|Win32
		{189E8A3F-AB83-4028-A06D-539F6FF3C036}.Release|x64.ActiveCfg = Release|x64
		{189E8A3F-AB83-4028-A06D-539F6FF3C036}.Release|x64.Build.0 = Release|x64
		{189E8A3F-AB83-4028-A06D-539F6FF3C036}.Release|x86.ActiveCfg = Release|Win32
		{189E8A3F-AB83-4028-A06D-539F6FF3C036}.Release|x86.Build.0 = Release|Win32
		{18D70A4C-5AE0-4698-A348-F872B0AB6C96}.Debug|x64.ActiveCfg = Debug|x64
		{18D70A4C-5AE0-4698-A348-F872B0AB6C96}.Debug|x64.Build.0 = Debug|x64
		{18D70A4C-5AE0-4698-A348-F872B0AB6C96}.Debug|x86.ActiveCfg = Debug|Win32
		{18D70A4C-5AE0-4698-A348-F872B0AB6C96}.Debug|x86.Build.0 = Debug|Win32
		{18D70A4C-5AE0-4698-A348-F872B0AB6C96}.Release|x64.ActiveCfg = Release|x64
		{18D70A4C-5AE0-4698-A348-F872B0AB6C96}.Release|x64.Build.0 = Release|x64
		{18D70A4C-5AE0-4698-A348-F872B0AB6C96}.Release|x86.ActiveCfg = Release|Win32
		{18D70A4C-5AE0-4698-A348-F872B0AB6C96}.Release|x86.Build.0 = Release|Win32
		{3B09D01F-B517-4D3C-8891-43E3B24D6AE1}.Debug|x64.ActiveCfg = Debug|x64
		{3B09D01F-B517-4D3C-8891-43E3B24D6AE1}.Debug|x64.Build.0 = Debug|x64
		{3B09D01F-B517-4D3C-8891-43E3B24D6AE1}.Debug|x86.ActiveCfg = Debug|Win32
		{3B09D01F-B517-4D3C-8891-43E3B24D6AE1}.Debug|x86.Build.0 = Debug|Win32
		{3B09D01F-B517-4D3C-8891-43E3B24D6AE1}.Release|x64.ActiveCfg = Release|x64
		{3B09D01F-B517-4D3C-8891-43E3B24D6AE1}.Release|x64.Build.0 = Release|x64
		{3B09D01F-B517-4D3C-8891-43E3B24D6AE1}.Release|x86.ActiveCfg = Release|Win32
		{3B09D01F-B517-4D3C-8891-43E3B24D6AE1}.Release|x86.Build.0 = Release|Win32
		{F15398CB-BF86-4B14-B524-A542299F5253}.Debug|x64.ActiveCfg = Debug|x64
		{F15398CB-BF86-4B14-B524-A542299F5253}.Debug|x64.Build.0 = Debug|x64
		{F15398CB-BF86-4B14-B524-A542299F5253}.Debug|x86.ActiveCfg = Debug|Win32
		{F15398CB-BF86-4B14-B524-A542299F5253}.Debug|x86.Build.0 = Debug|Win32
		{F15398CB-BF86-4B14-B524-A542299F5253}.Release|x64.ActiveCfg = Release|x64
		{F15398CB-BF86-4B14-B524-A542299F5253}.Release|x64.Build.0 = Release|x64
		{F15398CB-BF86-4B14-B524-A542299F5253}.Release|x86.ActiveCfg = Release|Win32
		{F15398CB-BF86-4B14-B524-A542299F5253}.Release|x86.Build.0 = Release|Win32
		{2B3AB9DD-2560-4D25-976A-BC6E9B9A73FB}.Debug|x64.ActiveCfg = Debug|x64
		{2B3AB9DD-2560-4D25-976A-BC6E9B9A73FB}.Debug|x64.Build.0 = Debug|x64
		{2B3AB9DD-2560-4D25-976A-BC6E9B9A73FB}.Debug|x86.ActiveCfg = Debug|Win32
		{2B3AB9DD-2560-4D25-976A-BC6E9B9A73FB}.Debug|x86.Build.0 = Debug|Win32
		{2B3AB9DD-2560-4D25-976A-BC6E9B9A73FB}.Release|x64.ActiveCfg = Release|x64
		{2B3AB9DD-2560-4D25-976A-BC6E9B9A73FB}.Release|x64.Build.0 = Release|x64
		{2B3AB9DD-2560-4D25-976A-BC6E9B9A73FB}.Release|x86.ActiveCfg = Release|Win32
		{2B3AB9DD-2560-4D25-976A-BC6E9B9A73FB}.Release|x86.Build.0 = Release|Win32
		{20835A3A-F4E7-4A28-811C-C6429145B8EB}.Debug|x64.ActiveCfg = Debug|x64
		{20835A3A-F4E7-4A28-811C-C6429145B8EB}.Debug|x64.Build.0 = Debug|x64
		{20835A3A-F4E7-4A28-811C-C6429145B8EB}.Debug|x86.ActiveCfg = Debug|Win32
		{20835A3A-F4E7-4A28-811C-C6429145B8EB}.Debug|x86.Build.0 = Debug|Win32
		{20835A3A-F4E7-4A28-811C-C6429145B8EB}.Release|x64.ActiveCfg = Release|x64
		{20835A3A-F4E7-4A28-811C-C6429145B8EB}.Release|x64.Build.0 = Release|x64
		{20835A3A-F4E7-4A28-811C-C6429145B8EB}.Release|x86.ActiveCfg = Release|Win32
		{20835A3A-F4E7-4A28-811C-C6429145B8EB}.Release|x86.Build.0 = Release|Win32
		{89235D86-92F3-4A61-A214-4BBD92F8242D}.Debug|x64.ActiveCfg = Debug|x64
		{89235D86-92F3-4A61-A214-4BBD92F8242D}.Debug|x64.Build.0 = Debug|x64
		{89235D86-92F3-4A61-A214-4BBD92F8242D}.Debug|x86.ActiveCfg = Debug|Win32
		{89235D86-92F3-4A61-A214-4BBD92F8242D}.Debug|x86.Build.0 = Debug|Win32
		{89235D86-92F3-4A61-A214-4BBD92F8242D}.Release|x64.ActiveCfg = Release|x64
		{89235D86-92F3-4A61-A214-4BBD92F8242D}.Release|x64.Build.0 = Release|x64
		{89235D86-92F3-4A61-A214-4BBD92F8242D}.Release|x86.ActiveCfg = Release|Win32
		{89235D86-92F3-4A61-A214-4BBD92F8242D}.Release|x86.Build.0 = Release|Win32
		{3F4C5399-604A-4769-BE7E-1FE91527F33A}.Debug|x64.ActiveCfg = Debug|x64
		{3F4C5399-604A-4769-BE7E-1FE91527F33A}.Debug|x64.Build.0 = Debug|x64
		{3F4C5399-604A-4769-BE7E-1FE91527F33A}.Debug|x86.ActiveCfg = Debug|Win32
		{3F4C5399-604A-4769-BE7E-1FE91527F33A}.Debug|x86.Build.0 = Debug|Win32
		{3F4C5399-604A-4769-BE7E-1FE91527F33A}.Release|x64.ActiveCfg = Release|x64
		{3F4C5399-604A-4769-BE7E-1FE91527F33A}.Release|x64.Build.0 = Release|x64
		{3F4C5399-604A-4769-BE7E-1FE91527F33A}.Release|x86.ActiveCfg = Release|Win32
		{3F4C5399-604A-4769-BE7E-1FE91527F33A}.Release|x86.Build.0 = Release|Win32
		{5467750A-26C0-4C1A-8344-7078FF7F2481}.Debug|x64.ActiveCfg = Debug|x64
		{5467750A-26C0-4C1A-8344-7078FF7F2481}.Debug|x64.Build.0 = Debug|x64
		{5467750A-26C0-4C1A-8344-7078FF7F2481}.Debug|x86.ActiveCfg = Debug|Win32
		{5467750A-26C0-4C1A-8344-7078FF7F2481}.Debug|x86.Build.0 = Debug|Win32
		{5467750A-26C0-4C1A-8344-7078FF7F2481}.Release|x64.ActiveCfg = Release|x64
		{5467750A-26C0-4C1A-8344-7078FF7F2481}.Release|x64.Build.0 = Release|x64
		{5467750A-26C0-4C1A-8344-7078FF7F2481}.Release|x86.ActiveCfg = Release|Win32
		{5467750A-26C0-4C1A-8344-7078FF7F2481}.Release|x86.Build.0 = Release|Win32
		{13DE989F-5332-4A34-9059-710846FB4105}.Debug|x64.ActiveCfg = Debug|x64
		{13DE989F-5332-4A34-9059-710846FB4105}.Debug|x64.Build.0 = Debug|x64
		{13DE989F-5332-4A34-9059-710846FB4105}.Debug|x86.ActiveCfg = Debug|Win32
		{13DE989F-5332-4A34-9059-710846FB4105}.Debug|x86.Build.0 = Debug|Win32
		{13DE989F-5332-4A34-9059-710846FB4105}.Release|x64.ActiveCfg = Release|x64
		{13DE989F-5332-4A34-9059-710846FB4105}.Release|x64.Build.0 = Release|x64
		{13DE989F-5332-4A34-9059-710846FB4105}.Release|x86.ActiveCfg = Release|Win32
		{13DE989F-5332-4A34-9059-710846FB4105}.Release|x86.Build.0 = Release|Win32
		{37D3DAEB-37B0-4460-AD10-2C1D505F8F1E}.Debug|x64.ActiveCfg = Debug|x64
		{37D3DAEB-37B0-4460-AD10-2C1D505F8F1E}.Debug|x64.Build.0 = Debug|x64
		{37D3DAEB-37B0-4460-AD10-2C1D505F8F1E}.Debug|x86.ActiveCfg = Debug|Win32
		{37D3DAEB-37B0-4460-AD10-2C1D505F8F1E}.Debug|x86.Build.0 = Debug|Win32
		{37D3DAEB-37B0-4460-AD10-2C1D505F8F1E}.Release|x64.ActiveCfg = Release|x64
		{37D3DAEB-37B0-4460-AD10-2C1D505F8F1E}.Release|x64.Build.0 = Release|x64
		{37D3DAEB-37B0-4460-AD10-2C1D505F8F1E}.Release|x86.ActiveCfg = Release|Win32
		{37D3DAEB-37B0-4460-AD10-2C1D505F8F1E}.Release|x86.Build.0 = Release|Win32
	EndGlobalSection
	GlobalSection(SolutionProperties) = preSolution
		HideSolutionNode = FALSE
	EndGlobalSection
	GlobalSection(ExtensibilityGlobals) = postSolution
		SolutionGuid = {AA9B30E5-0783-4498-8AB6-ECF68E2AC9FD}
	EndGlobalSection
EndGlobal
