<?xml version="1.0" encoding="utf-8"?>
<Project ToolsVersion="4.0" xmlns="http://schemas.microsoft.com/developer/msbuild/2003">
  <ItemGroup>
    <Filter Include="Source Files">
      <UniqueIdentifier>{4FC737F1-C7A5-4376-A066-2A32D752A2FF}</UniqueIdentifier>
      <Extensions>cpp;c;cc;cxx;def;odl;idl;hpj;bat;asm;asmx</Extensions>
    </Filter>
    <Filter Include="Header Files">
      <UniqueIdentifier>{93995380-89BD-4b04-88EB-625FBE52EBFB}</UniqueIdentifier>
      <Extensions>h;hh;hpp;hxx;hm;inl;inc;ipp;xsd</Extensions>
    </Filter>
    <Filter Include="Resource Files">
      <UniqueIdentifier>{67DA6AB6-F800-4c08-8B7A-83BB121AAD01}</UniqueIdentifier>
      <Extensions>rc;ico;cur;bmp;dlg;rc2;rct;bin;rgs;gif;jpg;jpeg;jpe;resx;tiff;tif;png;wav;mfcribbon-ms</Extensions>
    </Filter>
    <Filter Include="Shaders">
      <UniqueIdentifier>{4a601a0d-61d2-4c83-8a8a-6c266efd1b06}</UniqueIdentifier>
    </Filter>
    <Filter Include="Shaders\GLSL">
      <UniqueIdentifier>{8b9dabd8-81e0-43d3-b5b3-55f2c314d001}</UniqueIdentifier>
    </Filter>
  </ItemGroup>
  <ItemGroup>
    <ClInclude Include="..\Base\VulkanExampleBase.h">
      <Filter>Header Files</Filter>
    </ClInclude>
  </ItemGroup>
  <ItemGroup>
    <ClCompile Include="bloom.cpp">
      <Filter>Source Files</Filter>
    </ClCompile>
  </ItemGroup>
  <ItemGroup>
    <None Include="..\data\shaders\glsl\bloom\colorpass.frag">
      <Filter>Shaders\GLSL</Filter>
    </None>
    <None Include="..\data\shaders\glsl\bloom\colorpass.vert">
      <Filter>Shaders\GLSL</Filter>
    </None>
    <None Include="..\data\shaders\glsl\bloom\gaussblur.frag">
      <Filter>Shaders\GLSL</Filter>
    </None>
    <None Include="..\data\shaders\glsl\bloom\gaussblur.vert">
      <Filter>Shaders\GLSL</Filter>
    </None>
    <None Include="..\data\shaders\glsl\bloom\phongpass.frag">
      <Filter>Shaders\GLSL</Filter>
    </None>
    <None Include="..\data\shaders\glsl\bloom\phongpass.vert">
      <Filter>Shaders\GLSL</Filter>
    </None>
    <None Include="..\data\shaders\glsl\bloom\skybox.frag">
      <Filter>Shaders\GLSL</Filter>
    </None>
    <None Include="..\data\shaders\glsl\bloom\skybox.vert">
      <Filter>Shaders\GLSL</Filter>
    </None>
  </ItemGroup>
</Project>